
Microsoft Visual Studio Solution File, Format Version 12.00
Project("{2150E333-8FDC-42A3-9474-1A3956D46DE8}") = "src", "src", "{332273EB-931C-4820-AFAB-543F84B87112}"
EndProject
Project("{2150E333-8FDC-42A3-9474-1A3956D46DE8}") = "tests", "tests", "{AC39F04D-CEBE-4C54-860C-8E5061561433}"
EndProject
Project("{FAE04EC0-301F-11D3-BF4B-00C04F79EFBC}") = "Core", "src\Core\Core.csproj", "{6B756595-65AA-47DE-A93F-92C87134D766}"
EndProject
Project("{2150E333-8FDC-42A3-9474-1A3956D46DE8}") = "Modules", "Modules", "{7C1EF607-9E9D-4636-91FB-27D03A585ED6}"
EndProject
Project("{FAE04EC0-301F-11D3-BF4B-00C04F79EFBC}") = "JobApplication", "src\Modules\JobApplication\JobApplication.csproj", "{42D5B272-0F79-452C-AD62-4E74DF1F68AB}"
EndProject
Project("{FAE04EC0-301F-11D3-BF4B-00C04F79EFBC}") = "Job", "src\Modules\Job\Job.csproj", "{D82174C1-EAD0-46EF-9E3E-195F06DB3F67}"
EndProject
Project("{FAE04EC0-301F-11D3-BF4B-00C04F79EFBC}") = "Authentication", "src\Modules\Authentication\Authentication.csproj", "{6B7BD494-BB5F-442C-A1ED-6C48D7CC7296}"
EndProject
Project("{FAE04EC0-301F-11D3-BF4B-00C04F79EFBC}") = "Api", "src\Api\Api.csproj", "{48DE4596-A929-4853-B223-868B27901727}"
EndProject
Global
	GlobalSection(SolutionConfigurationPlatforms) = preSolution
		Debug|Any CPU = Debug|Any CPU
		Release|Any CPU = Release|Any CPU
	EndGlobalSection
	GlobalSection(NestedProjects) = preSolution
		{6B756595-65AA-47DE-A93F-92C87134D766} = {332273EB-931C-4820-AFAB-543F84B87112}
		{7C1EF607-9E9D-4636-91FB-27D03A585ED6} = {332273EB-931C-4820-AFAB-543F84B87112}
		{42D5B272-0F79-452C-AD62-4E74DF1F68AB} = {7C1EF607-9E9D-4636-91FB-27D03A585ED6}
		{D82174C1-EAD0-46EF-9E3E-195F06DB3F67} = {7C1EF607-9E9D-4636-91FB-27D03A585ED6}
		{6B7BD494-BB5F-442C-A1ED-6C48D7CC7296} = {7C1EF607-9E9D-4636-91FB-27D03A585ED6}
	EndGlobalSection
	GlobalSection(ProjectConfigurationPlatforms) = postSolution
		{6B756595-65AA-47DE-A93F-92C87134D766}.Debug|Any CPU.ActiveCfg = Debug|Any CPU
		{6B756595-65AA-47DE-A93F-92C87134D766}.Debug|Any CPU.Build.0 = Debug|Any CPU
		{6B756595-65AA-47DE-A93F-92C87134D766}.Release|Any CPU.ActiveCfg = Release|Any CPU
		{6B756595-65AA-47DE-A93F-92C87134D766}.Release|Any CPU.Build.0 = Release|Any CPU
		{42D5B272-0F79-452C-AD62-4E74DF1F68AB}.Debug|Any CPU.ActiveCfg = Debug|Any CPU
		{42D5B272-0F79-452C-AD62-4E74DF1F68AB}.Debug|Any CPU.Build.0 = Debug|Any CPU
		{42D5B272-0F79-452C-AD62-4E74DF1F68AB}.Release|Any CPU.ActiveCfg = Release|Any CPU
		{42D5B272-0F79-452C-AD62-4E74DF1F68AB}.Release|Any CPU.Build.0 = Release|Any CPU
		{D82174C1-EAD0-46EF-9E3E-195F06DB3F67}.Debug|Any CPU.ActiveCfg = Debug|Any CPU
		{D82174C1-EAD0-46EF-9E3E-195F06DB3F67}.Debug|Any CPU.Build.0 = Debug|Any CPU
		{D82174C1-EAD0-46EF-9E3E-195F06DB3F67}.Release|Any CPU.ActiveCfg = Release|Any CPU
		{D82174C1-EAD0-46EF-9E3E-195F06DB3F67}.Release|Any CPU.Build.0 = Release|Any CPU
		{6B7BD494-BB5F-442C-A1ED-6C48D7CC7296}.Debug|Any CPU.ActiveCfg = Debug|Any CPU
		{6B7BD494-BB5F-442C-A1ED-6C48D7CC7296}.Debug|Any CPU.Build.0 = Debug|Any CPU
		{6B7BD494-BB5F-442C-A1ED-6C48D7CC7296}.Release|Any CPU.ActiveCfg = Release|Any CPU
		{6B7BD494-BB5F-442C-A1ED-6C48D7CC7296}.Release|Any CPU.Build.0 = Release|Any CPU
		{48DE4596-A929-4853-B223-868B27901727}.Debug|Any CPU.ActiveCfg = Debug|Any CPU
		{48DE4596-A929-4853-B223-868B27901727}.Debug|Any CPU.Build.0 = Debug|Any CPU
		{48DE4596-A929-4853-B223-868B27901727}.Release|Any CPU.ActiveCfg = Release|Any CPU
		{48DE4596-A929-4853-B223-868B27901727}.Release|Any CPU.Build.0 = Release|Any CPU
	EndGlobalSection
EndGlobal
